# THIS IS AN AUTOGENERATED FILE. DO NOT EDIT THIS FILE DIRECTLY.
# yarn lockfile v1


"@types/node@^16.10.0":
  version "16.10.0"
  resolved "https://registry.yarnpkg.com/@types/node/-/node-16.10.0.tgz#1cbca7c67ba9ff80675ada496f54a919e8c4c145"
  integrity sha512-In+/vAdT+kkHigDSN9lUDDmzsIyKn5efDcwmGGnBtZVHnBv1oDVn6vC0ckic9FxSm+X0BGJGECpI1ZOg60E21g==
